
Microsoft Visual Studio Solution File, Format Version 12.00
# Visual Studio Version 16
Project("{2150E333-8FDC-42A3-9474-1A3956D46DE8}") = "CMakePredefinedTargets", "CMakePredefinedTargets", "{894BE7AF-4C0B-38EC-8197-AA7229EDE97C}"
EndProject
Project("{2150E333-8FDC-42A3-9474-1A3956D46DE8}") = "helpers", "helpers", "{1CCBAC2E-DAA4-3E61-90CF-A03529450A54}"
EndProject
Project("{2150E333-8FDC-42A3-9474-1A3956D46DE8}") = "libraries", "libraries", "{78620892-BEDB-372E-B104-32E32D4F823A}"
EndProject
Project("{8BC9CEB8-8B4A-11D0-8D11-00A0C91BC942}") = "ALL_BUILD", "ALL_BUILD.vcxproj", "{1C44B7C6-7C15-31F3-8F6B-631F63EE16C7}"
	ProjectSection(ProjectDependencies) = postProject
		{8B28C459-C42D-3412-8685-9C9071CB9077} = {8B28C459-C42D-3412-8685-9C9071CB9077}
		{A0620A7C-856C-34E4-B034-A235E2DDA510} = {A0620A7C-856C-34E4-B034-A235E2DDA510}
		{5BEA12ED-70F8-38EE-AF5E-1CD313773E49} = {5BEA12ED-70F8-38EE-AF5E-1CD313773E49}
		{6EE9CE08-A099-3319-9971-BC8EE24BCDA6} = {6EE9CE08-A099-3319-9971-BC8EE24BCDA6}
		{8EAC4DB8-4D54-3BF5-BC97-0F43B4E91022} = {8EAC4DB8-4D54-3BF5-BC97-0F43B4E91022}
		{0D8CA743-8F8E-3083-887A-D074438517F2} = {0D8CA743-8F8E-3083-887A-D074438517F2}
	EndProjectSection
EndProject
Project("{8BC9CEB8-8B4A-11D0-8D11-00A0C91BC942}") = "INSTALL", "INSTALL.vcxproj", "{58341882-8904-3485-9D44-F354D350C15F}"
	ProjectSection(ProjectDependencies) = postProject
		{1C44B7C6-7C15-31F3-8F6B-631F63EE16C7} = {1C44B7C6-7C15-31F3-8F6B-631F63EE16C7}
		{A0620A7C-856C-34E4-B034-A235E2DDA510} = {A0620A7C-856C-34E4-B034-A235E2DDA510}
	EndProjectSection
EndProject
Project("{8BC9CEB8-8B4A-11D0-8D11-00A0C91BC942}") = "MsQuicEtw_HeaderBuild", "msquic\MsQuicEtw_HeaderBuild.vcxproj", "{56B650BE-B18B-37C0-A2FC-3584932D732E}"
	ProjectSection(ProjectDependencies) = postProject
		{A0620A7C-856C-34E4-B034-A235E2DDA510} = {A0620A7C-856C-34E4-B034-A235E2DDA510}
	EndProjectSection
EndProject
Project("{8BC9CEB8-8B4A-11D0-8D11-00A0C91BC942}") = "MsQuicEtw_Resource", "msquic\MsQuicEtw_Resource.vcxproj", "{8B28C459-C42D-3412-8685-9C9071CB9077}"
	ProjectSection(ProjectDependencies) = postProject
		{A0620A7C-856C-34E4-B034-A235E2DDA510} = {A0620A7C-856C-34E4-B034-A235E2DDA510}
	EndProjectSection
EndProject
Project("{8BC9CEB8-8B4A-11D0-8D11-00A0C91BC942}") = "ZERO_CHECK", "ZERO_CHECK.vcxproj", "{A0620A7C-856C-34E4-B034-A235E2DDA510}"
	ProjectSection(ProjectDependencies) = postProject
	EndProjectSection
EndProject
Project("{8BC9CEB8-8B4A-11D0-8D11-00A0C91BC942}") = "core", "msquic\src\core\core.vcxproj", "{5BEA12ED-70F8-38EE-AF5E-1CD313773E49}"
	ProjectSection(ProjectDependencies) = postProject
		{56B650BE-B18B-37C0-A2FC-3584932D732E} = {56B650BE-B18B-37C0-A2FC-3584932D732E}
		{A0620A7C-856C-34E4-B034-A235E2DDA510} = {A0620A7C-856C-34E4-B034-A235E2DDA510}
	EndProjectSection
EndProject
Project("{8BC9CEB8-8B4A-11D0-8D11-00A0C91BC942}") = "msquic", "msquic\src\bin\msquic.vcxproj", "{6EE9CE08-A099-3319-9971-BC8EE24BCDA6}"
	ProjectSection(ProjectDependencies) = postProject
		{56B650BE-B18B-37C0-A2FC-3584932D732E} = {56B650BE-B18B-37C0-A2FC-3584932D732E}
		{8B28C459-C42D-3412-8685-9C9071CB9077} = {8B28C459-C42D-3412-8685-9C9071CB9077}
		{A0620A7C-856C-34E4-B034-A235E2DDA510} = {A0620A7C-856C-34E4-B034-A235E2DDA510}
		{5BEA12ED-70F8-38EE-AF5E-1CD313773E49} = {5BEA12ED-70F8-38EE-AF5E-1CD313773E49}
		{8EAC4DB8-4D54-3BF5-BC97-0F43B4E91022} = {8EAC4DB8-4D54-3BF5-BC97-0F43B4E91022}
	EndProjectSection
EndProject
Project("{8BC9CEB8-8B4A-11D0-8D11-00A0C91BC942}") = "platform", "msquic\src\platform\platform.vcxproj", "{8EAC4DB8-4D54-3BF5-BC97-0F43B4E91022}"
	ProjectSection(ProjectDependencies) = postProject
		{56B650BE-B18B-37C0-A2FC-3584932D732E} = {56B650BE-B18B-37C0-A2FC-3584932D732E}
		{A0620A7C-856C-34E4-B034-A235E2DDA510} = {A0620A7C-856C-34E4-B034-A235E2DDA510}
	EndProjectSection
EndProject
Project("{8BC9CEB8-8B4A-11D0-8D11-00A0C91BC942}") = "quicreach", "src\quicreach.vcxproj", "{0D8CA743-8F8E-3083-887A-D074438517F2}"
	ProjectSection(ProjectDependencies) = postProject
		{56B650BE-B18B-37C0-A2FC-3584932D732E} = {56B650BE-B18B-37C0-A2FC-3584932D732E}
		{A0620A7C-856C-34E4-B034-A235E2DDA510} = {A0620A7C-856C-34E4-B034-A235E2DDA510}
		{6EE9CE08-A099-3319-9971-BC8EE24BCDA6} = {6EE9CE08-A099-3319-9971-BC8EE24BCDA6}
	EndProjectSection
EndProject
Global
	GlobalSection(SolutionConfigurationPlatforms) = preSolution
		Debug|x64 = Debug|x64
		Release|x64 = Release|x64
		MinSizeRel|x64 = MinSizeRel|x64
		RelWithDebInfo|x64 = RelWithDebInfo|x64
	EndGlobalSection
	GlobalSection(ProjectConfigurationPlatforms) = postSolution
		{1C44B7C6-7C15-31F3-8F6B-631F63EE16C7}.Debug|x64.ActiveCfg = Debug|x64
		{1C44B7C6-7C15-31F3-8F6B-631F63EE16C7}.Debug|x64.Build.0 = Debug|x64
		{1C44B7C6-7C15-31F3-8F6B-631F63EE16C7}.Release|x64.ActiveCfg = Release|x64
		{1C44B7C6-7C15-31F3-8F6B-631F63EE16C7}.Release|x64.Build.0 = Release|x64
		{1C44B7C6-7C15-31F3-8F6B-631F63EE16C7}.MinSizeRel|x64.ActiveCfg = MinSizeRel|x64
		{1C44B7C6-7C15-31F3-8F6B-631F63EE16C7}.MinSizeRel|x64.Build.0 = MinSizeRel|x64
		{1C44B7C6-7C15-31F3-8F6B-631F63EE16C7}.RelWithDebInfo|x64.ActiveCfg = RelWithDebInfo|x64
		{1C44B7C6-7C15-31F3-8F6B-631F63EE16C7}.RelWithDebInfo|x64.Build.0 = RelWithDebInfo|x64
		{58341882-8904-3485-9D44-F354D350C15F}.Debug|x64.ActiveCfg = Debug|x64
		{58341882-8904-3485-9D44-F354D350C15F}.Release|x64.ActiveCfg = Release|x64
		{58341882-8904-3485-9D44-F354D350C15F}.MinSizeRel|x64.ActiveCfg = MinSizeRel|x64
		{58341882-8904-3485-9D44-F354D350C15F}.RelWithDebInfo|x64.ActiveCfg = RelWithDebInfo|x64
		{56B650BE-B18B-37C0-A2FC-3584932D732E}.Debug|x64.ActiveCfg = Debug|x64
		{56B650BE-B18B-37C0-A2FC-3584932D732E}.Debug|x64.Build.0 = Debug|x64
		{56B650BE-B18B-37C0-A2FC-3584932D732E}.Release|x64.ActiveCfg = Release|x64
		{56B650BE-B18B-37C0-A2FC-3584932D732E}.Release|x64.Build.0 = Release|x64
		{56B650BE-B18B-37C0-A2FC-3584932D732E}.MinSizeRel|x64.ActiveCfg = MinSizeRel|x64
		{56B650BE-B18B-37C0-A2FC-3584932D732E}.MinSizeRel|x64.Build.0 = MinSizeRel|x64
		{56B650BE-B18B-37C0-A2FC-3584932D732E}.RelWithDebInfo|x64.ActiveCfg = RelWithDebInfo|x64
		{56B650BE-B18B-37C0-A2FC-3584932D732E}.RelWithDebInfo|x64.Build.0 = RelWithDebInfo|x64
		{8B28C459-C42D-3412-8685-9C9071CB9077}.Debug|x64.ActiveCfg = Debug|x64
		{8B28C459-C42D-3412-8685-9C9071CB9077}.Debug|x64.Build.0 = Debug|x64
		{8B28C459-C42D-3412-8685-9C9071CB9077}.Release|x64.ActiveCfg = Release|x64
		{8B28C459-C42D-3412-8685-9C9071CB9077}.Release|x64.Build.0 = Release|x64
		{8B28C459-C42D-3412-8685-9C9071CB9077}.MinSizeRel|x64.ActiveCfg = MinSizeRel|x64
		{8B28C459-C42D-3412-8685-9C9071CB9077}.MinSizeRel|x64.Build.0 = MinSizeRel|x64
		{8B28C459-C42D-3412-8685-9C9071CB9077}.RelWithDebInfo|x64.ActiveCfg = RelWithDebInfo|x64
		{8B28C459-C42D-3412-8685-9C9071CB9077}.RelWithDebInfo|x64.Build.0 = RelWithDebInfo|x64
		{A0620A7C-856C-34E4-B034-A235E2DDA510}.Debug|x64.ActiveCfg = Debug|x64
		{A0620A7C-856C-34E4-B034-A235E2DDA510}.Debug|x64.Build.0 = Debug|x64
		{A0620A7C-856C-34E4-B034-A235E2DDA510}.Release|x64.ActiveCfg = Release|x64
		{A0620A7C-856C-34E4-B034-A235E2DDA510}.Release|x64.Build.0 = Release|x64
		{A0620A7C-856C-34E4-B034-A235E2DDA510}.MinSizeRel|x64.ActiveCfg = MinSizeRel|x64
		{A0620A7C-856C-34E4-B034-A235E2DDA510}.MinSizeRel|x64.Build.0 = MinSizeRel|x64
		{A0620A7C-856C-34E4-B034-A235E2DDA510}.RelWithDebInfo|x64.ActiveCfg = RelWithDebInfo|x64
		{A0620A7C-856C-34E4-B034-A235E2DDA510}.RelWithDebInfo|x64.Build.0 = RelWithDebInfo|x64
		{5BEA12ED-70F8-38EE-AF5E-1CD313773E49}.Debug|x64.ActiveCfg = Debug|x64
		{5BEA12ED-70F8-38EE-AF5E-1CD313773E49}.Debug|x64.Build.0 = Debug|x64
		{5BEA12ED-70F8-38EE-AF5E-1CD313773E49}.Release|x64.ActiveCfg = Release|x64
		{5BEA12ED-70F8-38EE-AF5E-1CD313773E49}.Release|x64.Build.0 = Release|x64
		{5BEA12ED-70F8-38EE-AF5E-1CD313773E49}.MinSizeRel|x64.ActiveCfg = MinSizeRel|x64
		{5BEA12ED-70F8-38EE-AF5E-1CD313773E49}.MinSizeRel|x64.Build.0 = MinSizeRel|x64
		{5BEA12ED-70F8-38EE-AF5E-1CD313773E49}.RelWithDebInfo|x64.ActiveCfg = RelWithDebInfo|x64
		{5BEA12ED-70F8-38EE-AF5E-1CD313773E49}.RelWithDebInfo|x64.Build.0 = RelWithDebInfo|x64
		{6EE9CE08-A099-3319-9971-BC8EE24BCDA6}.Debug|x64.ActiveCfg = Debug|x64
		{6EE9CE08-A099-3319-9971-BC8EE24BCDA6}.Debug|x64.Build.0 = Debug|x64
		{6EE9CE08-A099-3319-9971-BC8EE24BCDA6}.Release|x64.ActiveCfg = Release|x64
		{6EE9CE08-A099-3319-9971-BC8EE24BCDA6}.Release|x64.Build.0 = Release|x64
		{6EE9CE08-A099-3319-9971-BC8EE24BCDA6}.MinSizeRel|x64.ActiveCfg = MinSizeRel|x64
		{6EE9CE08-A099-3319-9971-BC8EE24BCDA6}.MinSizeRel|x64.Build.0 = MinSizeRel|x64
		{6EE9CE08-A099-3319-9971-BC8EE24BCDA6}.RelWithDebInfo|x64.ActiveCfg = RelWithDebInfo|x64
		{6EE9CE08-A099-3319-9971-BC8EE24BCDA6}.RelWithDebInfo|x64.Build.0 = RelWithDebInfo|x64
		{8EAC4DB8-4D54-3BF5-BC97-0F43B4E91022}.Debug|x64.ActiveCfg = Debug|x64
		{8EAC4DB8-4D54-3BF5-BC97-0F43B4E91022}.Debug|x64.Build.0 = Debug|x64
		{8EAC4DB8-4D54-3BF5-BC97-0F43B4E91022}.Release|x64.ActiveCfg = Release|x64
		{8EAC4DB8-4D54-3BF5-BC97-0F43B4E91022}.Release|x64.Build.0 = Release|x64
		{8EAC4DB8-4D54-3BF5-BC97-0F43B4E91022}.MinSizeRel|x64.ActiveCfg = MinSizeRel|x64
		{8EAC4DB8-4D54-3BF5-BC97-0F43B4E91022}.MinSizeRel|x64.Build.0 = MinSizeRel|x64
		{8EAC4DB8-4D54-3BF5-BC97-0F43B4E91022}.RelWithDebInfo|x64.ActiveCfg = RelWithDebInfo|x64
		{8EAC4DB8-4D54-3BF5-BC97-0F43B4E91022}.RelWithDebInfo|x64.Build.0 = RelWithDebInfo|x64
		{0D8CA743-8F8E-3083-887A-D074438517F2}.Debug|x64.ActiveCfg = Debug|x64
		{0D8CA743-8F8E-3083-887A-D074438517F2}.Debug|x64.Build.0 = Debug|x64
		{0D8CA743-8F8E-3083-887A-D074438517F2}.Release|x64.ActiveCfg = Release|x64
		{0D8CA743-8F8E-3083-887A-D074438517F2}.Release|x64.Build.0 = Release|x64
		{0D8CA743-8F8E-3083-887A-D074438517F2}.MinSizeRel|x64.ActiveCfg = MinSizeRel|x64
		{0D8CA743-8F8E-3083-887A-D074438517F2}.MinSizeRel|x64.Build.0 = MinSizeRel|x64
		{0D8CA743-8F8E-3083-887A-D074438517F2}.RelWithDebInfo|x64.ActiveCfg = RelWithDebInfo|x64
		{0D8CA743-8F8E-3083-887A-D074438517F2}.RelWithDebInfo|x64.Build.0 = RelWithDebInfo|x64
	EndGlobalSection
	GlobalSection(NestedProjects) = preSolution
		{1C44B7C6-7C15-31F3-8F6B-631F63EE16C7} = {894BE7AF-4C0B-38EC-8197-AA7229EDE97C}
		{58341882-8904-3485-9D44-F354D350C15F} = {894BE7AF-4C0B-38EC-8197-AA7229EDE97C}
		{A0620A7C-856C-34E4-B034-A235E2DDA510} = {894BE7AF-4C0B-38EC-8197-AA7229EDE97C}
		{56B650BE-B18B-37C0-A2FC-3584932D732E} = {1CCBAC2E-DAA4-3E61-90CF-A03529450A54}
		{8B28C459-C42D-3412-8685-9C9071CB9077} = {1CCBAC2E-DAA4-3E61-90CF-A03529450A54}
		{5BEA12ED-70F8-38EE-AF5E-1CD313773E49} = {78620892-BEDB-372E-B104-32E32D4F823A}
		{6EE9CE08-A099-3319-9971-BC8EE24BCDA6} = {78620892-BEDB-372E-B104-32E32D4F823A}
		{8EAC4DB8-4D54-3BF5-BC97-0F43B4E91022} = {78620892-BEDB-372E-B104-32E32D4F823A}
	EndGlobalSection
	GlobalSection(ExtensibilityGlobals) = postSolution
		SolutionGuid = {4817D90E-3C9E-33BD-A79B-247D470C2171}
	EndGlobalSection
	GlobalSection(ExtensibilityAddIns) = postSolution
	EndGlobalSection
EndGlobal
